
Microsoft Visual Studio Solution File, Format Version 12.00
# Visual Studio 2013
VisualStudioVersion = 12.0.31101.0
MinimumVisualStudioVersion = 10.0.40219.1
Project("{FAE04EC0-301F-11D3-BF4B-00C04F79EFBC}") = "Calculator", "Calculator\Calculator.csproj", "{AD0B9588-DD6E-4830-AC9F-75165075F53C}"
EndProject
Project("{E24C65DC-7377-472B-9ABA-BC803B73C61A}") = "OctagonAngular(1)", "http://localhost:52913", "{34E20DD2-621A-4F89-9811-45AFFF76DE68}"
	ProjectSection(WebsiteProperties) = preProject
		UseIISExpress = "true"
		TargetFrameworkMoniker = ".NETFramework,Version%3Dv4.5"
		Debug.AspNetCompiler.VirtualPath = "/localhost_52913"
		Debug.AspNetCompiler.PhysicalPath = "OctagonAngular\"
		Debug.AspNetCompiler.TargetPath = "PrecompiledWeb\localhost_52913\"
		Debug.AspNetCompiler.Updateable = "true"
		Debug.AspNetCompiler.ForceOverwrite = "true"
		Debug.AspNetCompiler.FixedNames = "false"
		Debug.AspNetCompiler.Debug = "True"
		Release.AspNetCompiler.VirtualPath = "/localhost_52913"
		Release.AspNetCompiler.PhysicalPath = "OctagonAngular\"
		Release.AspNetCompiler.TargetPath = "PrecompiledWeb\localhost_52913\"
		Release.AspNetCompiler.Updateable = "true"
		Release.AspNetCompiler.ForceOverwrite = "true"
		Release.AspNetCompiler.FixedNames = "false"
		Release.AspNetCompiler.Debug = "False"
		SlnRelativePath = "OctagonAngular\"
		DefaultWebSiteLanguage = "Visual C#"
	EndProjectSection
EndProject
Global
	GlobalSection(SolutionConfigurationPlatforms) = preSolution
		Debug|Any CPU = Debug|Any CPU
		Release|Any CPU = Release|Any CPU
	EndGlobalSection
	GlobalSection(ProjectConfigurationPlatforms) = postSolution
		{AD0B9588-DD6E-4830-AC9F-75165075F53C}.Debug|Any CPU.ActiveCfg = Debug|Any CPU
		{AD0B9588-DD6E-4830-AC9F-75165075F53C}.Debug|Any CPU.Build.0 = Debug|Any CPU
		{AD0B9588-DD6E-4830-AC9F-75165075F53C}.Release|Any CPU.ActiveCfg = Release|Any CPU
		{AD0B9588-DD6E-4830-AC9F-75165075F53C}.Release|Any CPU.Build.0 = Release|Any CPU
		{34E20DD2-621A-4F89-9811-45AFFF76DE68}.Debug|Any CPU.ActiveCfg = Debug|Any CPU
		{34E20DD2-621A-4F89-9811-45AFFF76DE68}.Debug|Any CPU.Build.0 = Debug|Any CPU
		{34E20DD2-621A-4F89-9811-45AFFF76DE68}.Release|Any CPU.ActiveCfg = Debug|Any CPU
		{34E20DD2-621A-4F89-9811-45AFFF76DE68}.Release|Any CPU.Build.0 = Debug|Any CPU
	EndGlobalSection
	GlobalSection(SolutionProperties) = preSolution
		HideSolutionNode = FALSE
	EndGlobalSection
EndGlobal
